// !$*UTF8*$!
{
	archiveVersion = 1;
	classes = {
	};
	objectVersion = 50;
	objects = {

/* Begin PBXBuildFile section */
		31CF139526A83407003966E9 /* AppDelegate.swift in Sources */ = {isa = PBXBuildFile; fileRef = 31CF139426A83407003966E9 /* AppDelegate.swift */; };
		31CF139726A83407003966E9 /* SceneDelegate.swift in Sources */ = {isa = PBXBuildFile; fileRef = 31CF139626A83407003966E9 /* SceneDelegate.swift */; };
		31CF139B26A8340A003966E9 /* Assets.xcassets in Resources */ = {isa = PBXBuildFile; fileRef = 31CF139A26A8340A003966E9 /* Assets.xcassets */; };
		31CF139E26A8340A003966E9 /* Preview Assets.xcassets in Resources */ = {isa = PBXBuildFile; fileRef = 31CF139D26A8340A003966E9 /* Preview Assets.xcassets */; };
		31CF13A126A8340A003966E9 /* LaunchScreen.storyboard in Resources */ = {isa = PBXBuildFile; fileRef = 31CF139F26A8340A003966E9 /* LaunchScreen.storyboard */; };
		31CF13AC26A834F5003966E9 /* MessageListVC.swift in Sources */ = {isa = PBXBuildFile; fileRef = 31CF13AB26A834F5003966E9 /* MessageListVC.swift */; };
		31CF13AE26A83500003966E9 /* MessageListModel.swift in Sources */ = {isa = PBXBuildFile; fileRef = 31CF13AD26A83500003966E9 /* MessageListModel.swift */; };
		31CF13B026A83511003966E9 /* DetailsVC.swift in Sources */ = {isa = PBXBuildFile; fileRef = 31CF13AF26A83511003966E9 /* DetailsVC.swift */; };
		31CF13B226A8351A003966E9 /* DetailsModel.swift in Sources */ = {isa = PBXBuildFile; fileRef = 31CF13B126A8351A003966E9 /* DetailsModel.swift */; };
		31CF13B526A83542003966E9 /* TableViewCell.swift in Sources */ = {isa = PBXBuildFile; fileRef = 31CF13B326A83542003966E9 /* TableViewCell.swift */; };
		31CF13B626A83542003966E9 /* TableViewCell.xib in Resources */ = {isa = PBXBuildFile; fileRef = 31CF13B426A83542003966E9 /* TableViewCell.xib */; };
		31CF13B826A8358E003966E9 /* MessageListStructs.swift in Sources */ = {isa = PBXBuildFile; fileRef = 31CF13B726A8358E003966E9 /* MessageListStructs.swift */; };
/* End PBXBuildFile section */

/* Begin PBXFileReference section */
		31CF139126A83407003966E9 /* MessageApp.app */ = {isa = PBXFileReference; explicitFileType = wrapper.application; includeInIndex = 0; path = MessageApp.app; sourceTree = BUILT_PRODUCTS_DIR; };
		31CF139426A83407003966E9 /* AppDelegate.swift */ = {isa = PBXFileReference; lastKnownFileType = sourcecode.swift; path = AppDelegate.swift; sourceTree = "<group>"; };
		31CF139626A83407003966E9 /* SceneDelegate.swift */ = {isa = PBXFileReference; lastKnownFileType = sourcecode.swift; path = SceneDelegate.swift; sourceTree = "<group>"; };
		31CF139A26A8340A003966E9 /* Assets.xcassets */ = {isa = PBXFileReference; lastKnownFileType = folder.assetcatalog; path = Assets.xcassets; sourceTree = "<group>"; };
		31CF139D26A8340A003966E9 /* Preview Assets.xcassets */ = {isa = PBXFileReference; lastKnownFileType = folder.assetcatalog; path = "Preview Assets.xcassets"; sourceTree = "<group>"; };
		31CF13A026A8340A003966E9 /* Base */ = {isa = PBXFileReference; lastKnownFileType = file.storyboard; name = Base; path = Base.lproj/LaunchScreen.storyboard; sourceTree = "<group>"; };
		31CF13A226A8340A003966E9 /* Info.plist */ = {isa = PBXFileReference; lastKnownFileType = text.plist.xml; path = Info.plist; sourceTree = "<group>"; };
		31CF13AB26A834F5003966E9 /* MessageListVC.swift */ = {isa = PBXFileReference; lastKnownFileType = sourcecode.swift; path = MessageListVC.swift; sourceTree = "<group>"; };
		31CF13AD26A83500003966E9 /* MessageListModel.swift */ = {isa = PBXFileReference; lastKnownFileType = sourcecode.swift; path = MessageListModel.swift; sourceTree = "<group>"; };
		31CF13AF26A83511003966E9 /* DetailsVC.swift */ = {isa = PBXFileReference; lastKnownFileType = sourcecode.swift; path = DetailsVC.swift; sourceTree = "<group>"; };
		31CF13B126A8351A003966E9 /* DetailsModel.swift */ = {isa = PBXFileReference; lastKnownFileType = sourcecode.swift; path = DetailsModel.swift; sourceTree = "<group>"; };
		31CF13B326A83542003966E9 /* TableViewCell.swift */ = {isa = PBXFileReference; lastKnownFileType = sourcecode.swift; path = TableViewCell.swift; sourceTree = "<group>"; };
		31CF13B426A83542003966E9 /* TableViewCell.xib */ = {isa = PBXFileReference; lastKnownFileType = file.xib; path = TableViewCell.xib; sourceTree = "<group>"; };
		31CF13B726A8358E003966E9 /* MessageListStructs.swift */ = {isa = PBXFileReference; lastKnownFileType = sourcecode.swift; path = MessageListStructs.swift; sourceTree = "<group>"; };
/* End PBXFileReference section */

/* Begin PBXFrameworksBuildPhase section */
		31CF138E26A83407003966E9 /* Frameworks */ = {
			isa = PBXFrameworksBuildPhase;
			buildActionMask = 2147483647;
			files = (
			);
			runOnlyForDeploymentPostprocessing = 0;
		};
/* End PBXFrameworksBuildPhase section */

/* Begin PBXGroup section */
		31CF138826A83407003966E9 = {
			isa = PBXGroup;
			children = (
				31CF139326A83407003966E9 /* MessageApp */,
				31CF139226A83407003966E9 /* Products */,
			);
			sourceTree = "<group>";
		};
		31CF139226A83407003966E9 /* Products */ = {
			isa = PBXGroup;
			children = (
				31CF139126A83407003966E9 /* MessageApp.app */,
			);
			name = Products;
			sourceTree = "<group>";
		};
		31CF139326A83407003966E9 /* MessageApp */ = {
			isa = PBXGroup;
			children = (
				31CF139426A83407003966E9 /* AppDelegate.swift */,
				31CF139626A83407003966E9 /* SceneDelegate.swift */,
				31CF13A826A834AC003966E9 /* MessageList */,
				31CF13A926A834CD003966E9 /* Details */,
				31CF139A26A8340A003966E9 /* Assets.xcassets */,
				31CF139F26A8340A003966E9 /* LaunchScreen.storyboard */,
				31CF13A226A8340A003966E9 /* Info.plist */,
				31CF139C26A8340A003966E9 /* Preview Content */,
			);
			path = MessageApp;
			sourceTree = "<group>";
		};
		31CF139C26A8340A003966E9 /* Preview Content */ = {
			isa = PBXGroup;
			children = (
				31CF139D26A8340A003966E9 /* Preview Assets.xcassets */,
			);
			path = "Preview Content";
			sourceTree = "<group>";
		};
		31CF13A826A834AC003966E9 /* MessageList */ = {
			isa = PBXGroup;
			children = (
				31CF13AB26A834F5003966E9 /* MessageListVC.swift */,
				31CF13AD26A83500003966E9 /* MessageListModel.swift */,
				31CF13B726A8358E003966E9 /* MessageListStructs.swift */,
				31CF13AA26A834D7003966E9 /* Cell */,
			);
			path = MessageList;
			sourceTree = "<group>";
		};
		31CF13A926A834CD003966E9 /* Details */ = {
			isa = PBXGroup;
			children = (
				31CF13AF26A83511003966E9 /* DetailsVC.swift */,
				31CF13B126A8351A003966E9 /* DetailsModel.swift */,
			);
			path = Details;
			sourceTree = "<group>";
		};
		31CF13AA26A834D7003966E9 /* Cell */ = {
			isa = PBXGroup;
			children = (
				31CF13B326A83542003966E9 /* TableViewCell.swift */,
				31CF13B426A83542003966E9 /* TableViewCell.xib */,
			);
			path = Cell;
			sourceTree = "<group>";
		};
/* End PBXGroup section */

/* Begin PBXNativeTarget section */
		31CF139026A83407003966E9 /* MessageApp */ = {
			isa = PBXNativeTarget;
			buildConfigurationList = 31CF13A526A8340A003966E9 /* Build configuration list for PBXNativeTarget "MessageApp" */;
			buildPhases = (
				31CF138D26A83407003966E9 /* Sources */,
				31CF138E26A83407003966E9 /* Frameworks */,
				31CF138F26A83407003966E9 /* Resources */,
			);
			buildRules = (
			);
			dependencies = (
			);
			name = MessageApp;
			productName = MessageApp;
			productReference = 31CF139126A83407003966E9 /* MessageApp.app */;
			productType = "com.apple.product-type.application";
		};
/* End PBXNativeTarget section */

/* Begin PBXProject section */
		31CF138926A83407003966E9 /* Project object */ = {
			isa = PBXProject;
			attributes = {
				LastSwiftUpdateCheck = 1250;
				LastUpgradeCheck = 1250;
				TargetAttributes = {
					31CF139026A83407003966E9 = {
						CreatedOnToolsVersion = 12.5;
					};
				};
			};
			buildConfigurationList = 31CF138C26A83407003966E9 /* Build configuration list for PBXProject "MessageApp" */;
			compatibilityVersion = "Xcode 9.3";
			developmentRegion = en;
			hasScannedForEncodings = 0;
			knownRegions = (
				en,
				Base,
			);
			mainGroup = 31CF138826A83407003966E9;
			productRefGroup = 31CF139226A83407003966E9 /* Products */;
			projectDirPath = "";
			projectRoot = "";
			targets = (
				31CF139026A83407003966E9 /* MessageApp */,
			);
		};
/* End PBXProject section */

/* Begin PBXResourcesBuildPhase section */
		31CF138F26A83407003966E9 /* Resources */ = {
			isa = PBXResourcesBuildPhase;
			buildActionMask = 2147483647;
			files = (
				31CF13A126A8340A003966E9 /* LaunchScreen.storyboard in Resources */,
				31CF13B626A83542003966E9 /* TableViewCell.xib in Resources */,
				31CF139E26A8340A003966E9 /* Preview Assets.xcassets in Resources */,
				31CF139B26A8340A003966E9 /* Assets.xcassets in Resources */,
			);
			runOnlyForDeploymentPostprocessing = 0;
		};
/* End PBXResourcesBuildPhase section */

/* Begin PBXSourcesBuildPhase section */
		31CF138D26A83407003966E9 /* Sources */ = {
			isa = PBXSourcesBuildPhase;
			buildActionMask = 2147483647;
			files = (
				31CF139526A83407003966E9 /* AppDelegate.swift in Sources */,
				31CF13AC26A834F5003966E9 /* MessageListVC.swift in Sources */,
				31CF139726A83407003966E9 /* SceneDelegate.swift in Sources */,
				31CF13AE26A83500003966E9 /* MessageListModel.swift in Sources */,
				31CF13B826A8358E003966E9 /* MessageListStructs.swift in Sources */,
				31CF13B226A8351A003966E9 /* DetailsModel.swift in Sources */,
				31CF13B526A83542003966E9 /* TableViewCell.swift in Sources */,
				31CF13B026A83511003966E9 /* DetailsVC.swift in Sources */,
			);
			runOnlyForDeploymentPostprocessing = 0;
		};
/* End PBXSourcesBuildPhase section */

/* Begin PBXVariantGroup section */
		31CF139F26A8340A003966E9 /* LaunchScreen.storyboard */ = {
			isa = PBXVariantGroup;
			children = (
				31CF13A026A8340A003966E9 /* Base */,
			);
			name = LaunchScreen.storyboard;
			sourceTree = "<group>";
		};
/* End PBXVariantGroup section */

/* Begin XCBuildConfiguration section */
		31CF13A326A8340A003966E9 /* Debug */ = {
			isa = XCBuildConfiguration;
			buildSettings = {
				ALWAYS_SEARCH_USER_PATHS = NO;
				CLANG_ANALYZER_NONNULL = YES;
				CLANG_ANALYZER_NUMBER_OBJECT_CONVERSION = YES_AGGRESSIVE;
				CLANG_CXX_LANGUAGE_STANDARD = "gnu++14";
				CLANG_CXX_LIBRARY = "libc++";
				CLANG_ENABLE_MODULES = YES;
				CLANG_ENABLE_OBJC_ARC = YES;
				CLANG_ENABLE_OBJC_WEAK = YES;
				CLANG_WARN_BLOCK_CAPTURE_AUTORELEASING = YES;
				CLANG_WARN_BOOL_CONVERSION = YES;
				CLANG_WARN_COMMA = YES;
				CLANG_WARN_CONSTANT_CONVERSION = YES;
				CLANG_WARN_DEPRECATED_OBJC_IMPLEMENTATIONS = YES;
				CLANG_WARN_DIRECT_OBJC_ISA_USAGE = YES_ERROR;
				CLANG_WARN_DOCUMENTATION_COMMENTS = YES;
				CLANG_WARN_EMPTY_BODY = YES;
				CLANG_WARN_ENUM_CONVERSION = YES;
				CLANG_WARN_INFINITE_RECURSION = YES;
				CLANG_WARN_INT_CONVERSION = YES;
				CLANG_WARN_NON_LITERAL_NULL_CONVERSION = YES;
				CLANG_WARN_OBJC_IMPLICIT_RETAIN_SELF = YES;
				CLANG_WARN_OBJC_LITERAL_CONVERSION = YES;
				CLANG_WARN_OBJC_ROOT_CLASS = YES_ERROR;
				CLANG_WARN_QUOTED_INCLUDE_IN_FRAMEWORK_HEADER = YES;
				CLANG_WARN_RANGE_LOOP_ANALYSIS = YES;
				CLANG_WARN_STRICT_PROTOTYPES = YES;
				CLANG_WARN_SUSPICIOUS_MOVE = YES;
				CLANG_WARN_UNGUARDED_AVAILABILITY = YES_AGGRESSIVE;
				CLANG_WARN_UNREACHABLE_CODE = YES;
				CLANG_WARN__DUPLICATE_METHOD_MATCH = YES;
				COPY_PHASE_STRIP = NO;
				DEBUG_INFORMATION_FORMAT = dwarf;
				ENABLE_STRICT_OBJC_MSGSEND = YES;
				ENABLE_TESTABILITY = YES;
				GCC_C_LANGUAGE_STANDARD = gnu11;
				GCC_DYNAMIC_NO_PIC = NO;
				GCC_NO_COMMON_BLOCKS = YES;
				GCC_OPTIMIZATION_LEVEL = 0;
				GCC_PREPROCESSOR_DEFINITIONS = (
					"DEBUG=1",
					"$(inherited)",
				);
				GCC_WARN_64_TO_32_BIT_CONVERSION = YES;
				GCC_WARN_ABOUT_RETURN_TYPE = YES_ERROR;
				GCC_WARN_UNDECLARED_SELECTOR = YES;
				GCC_WARN_UNINITIALIZED_AUTOS = YES_AGGRESSIVE;
				GCC_WARN_UNUSED_FUNCTION = YES;
				GCC_WARN_UNUSED_VARIABLE = YES;
				IPHONEOS_DEPLOYMENT_TARGET = 14.5;
				MTL_ENABLE_DEBUG_INFO = INCLUDE_SOURCE;
				MTL_FAST_MATH = YES;
				ONLY_ACTIVE_ARCH = YES;
				SDKROOT = iphoneos;
				SWIFT_ACTIVE_COMPILATION_CONDITIONS = DEBUG;
				SWIFT_OPTIMIZATION_LEVEL = "-Onone";
			};
			name = Debug;
		};
		31CF13A426A8340A003966E9 /* Release */ = {
			isa = XCBuildConfiguration;
			buildSettings = {
				ALWAYS_SEARCH_USER_PATHS = NO;
				CLANG_ANALYZER_NONNULL = YES;
				CLANG_ANALYZER_NUMBER_OBJECT_CONVERSION = YES_AGGRESSIVE;
				CLANG_CXX_LANGUAGE_STANDARD = "gnu++14";
				CLANG_CXX_LIBRARY = "libc++";
				CLANG_ENABLE_MODULES = YES;
				CLANG_ENABLE_OBJC_ARC = YES;
				CLANG_ENABLE_OBJC_WEAK = YES;
				CLANG_WARN_BLOCK_CAPTURE_AUTORELEASING = YES;
				CLANG_WARN_BOOL_CONVERSION = YES;
				CLANG_WARN_COMMA = YES;
				CLANG_WARN_CONSTANT_CONVERSION = YES;
				CLANG_WARN_DEPRECATED_OBJC_IMPLEMENTATIONS = YES;
				CLANG_WARN_DIRECT_OBJC_ISA_USAGE = YES_ERROR;
				CLANG_WARN_DOCUMENTATION_COMMENTS = YES;
				CLANG_WARN_EMPTY_BODY = YES;
				CLANG_WARN_ENUM_CONVERSION = YES;
				CLANG_WARN_INFINITE_RECURSION = YES;
				CLANG_WARN_INT_CONVERSION = YES;
				CLANG_WARN_NON_LITERAL_NULL_CONVERSION = YES;
				CLANG_WARN_OBJC_IMPLICIT_RETAIN_SELF = YES;
				CLANG_WARN_OBJC_LITERAL_CONVERSION = YES;
				CLANG_WARN_OBJC_ROOT_CLASS = YES_ERROR;
				CLANG_WARN_QUOTED_INCLUDE_IN_FRAMEWORK_HEADER = YES;
				CLANG_WARN_RANGE_LOOP_ANALYSIS = YES;
				CLANG_WARN_STRICT_PROTOTYPES = YES;
				CLANG_WARN_SUSPICIOUS_MOVE = YES;
				CLANG_WARN_UNGUARDED_AVAILABILITY = YES_AGGRESSIVE;
				CLANG_WARN_UNREACHABLE_CODE = YES;
				CLANG_WARN__DUPLICATE_METHOD_MATCH = YES;
				COPY_PHASE_STRIP = NO;
				DEBUG_INFORMATION_FORMAT = "dwarf-with-dsym";
				ENABLE_NS_ASSERTIONS = NO;
				ENABLE_STRICT_OBJC_MSGSEND = YES;
				GCC_C_LANGUAGE_STANDARD = gnu11;
				GCC_NO_COMMON_BLOCKS = YES;
				GCC_WARN_64_TO_32_BIT_CONVERSION = YES;
				GCC_WARN_ABOUT_RETURN_TYPE = YES_ERROR;
				GCC_WARN_UNDECLARED_SELECTOR = YES;
				GCC_WARN_UNINITIALIZED_AUTOS = YES_AGGRESSIVE;
				GCC_WARN_UNUSED_FUNCTION = YES;
				GCC_WARN_UNUSED_VARIABLE = YES;
				IPHONEOS_DEPLOYMENT_TARGET = 14.5;
				MTL_ENABLE_DEBUG_INFO = NO;
				MTL_FAST_MATH = YES;
				SDKROOT = iphoneos;
				SWIFT_COMPILATION_MODE = wholemodule;
				SWIFT_OPTIMIZATION_LEVEL = "-O";
				VALIDATE_PRODUCT = YES;
			};
			name = Release;
		};
		31CF13A626A8340A003966E9 /* Debug */ = {
			isa = XCBuildConfiguration;
			buildSettings = {
				ASSETCATALOG_COMPILER_APPICON_NAME = AppIcon;
				ASSETCATALOG_COMPILER_GLOBAL_ACCENT_COLOR_NAME = AccentColor;
				CODE_SIGN_STYLE = Automatic;
				DEVELOPMENT_ASSET_PATHS = "\"MessageApp/Preview Content\"";
				DEVELOPMENT_TEAM = X4CC3P473W;
				ENABLE_PREVIEWS = YES;
				INFOPLIST_FILE = MessageApp/Info.plist;
				LD_RUNPATH_SEARCH_PATHS = (
					"$(inherited)",
					"@executable_path/Frameworks",
				);
				PRODUCT_BUNDLE_IDENTIFIER = akasoul.MessageApp;
				PRODUCT_NAME = "$(TARGET_NAME)";
				SWIFT_VERSION = 5.0;
				TARGETED_DEVICE_FAMILY = "1,2";
			};
			name = Debug;
		};
		31CF13A726A8340A003966E9 /* Release */ = {
			isa = XCBuildConfiguration;
			buildSettings = {
				ASSETCATALOG_COMPILER_APPICON_NAME = AppIcon;
				ASSETCATALOG_COMPILER_GLOBAL_ACCENT_COLOR_NAME = AccentColor;
				CODE_SIGN_STYLE = Automatic;
				DEVELOPMENT_ASSET_PATHS = "\"MessageApp/Preview Content\"";
				DEVELOPMENT_TEAM = X4CC3P473W;
				ENABLE_PREVIEWS = YES;
				INFOPLIST_FILE = MessageApp/Info.plist;
				LD_RUNPATH_SEARCH_PATHS = (
					"$(inherited)",
					"@executable_path/Frameworks",
				);
				PRODUCT_BUNDLE_IDENTIFIER = akasoul.MessageApp;
				PRODUCT_NAME = "$(TARGET_NAME)";
				SWIFT_VERSION = 5.0;
				TARGETED_DEVICE_FAMILY = "1,2";
			};
			name = Release;
		};
/* End XCBuildConfiguration section */

/* Begin XCConfigurationList section */
		31CF138C26A83407003966E9 /* Build configuration list for PBXProject "MessageApp" */ = {
			isa = XCConfigurationList;
			buildConfigurations = (
				31CF13A326A8340A003966E9 /* Debug */,
				31CF13A426A8340A003966E9 /* Release */,
			);
			defaultConfigurationIsVisible = 0;
			defaultConfigurationName = Release;
		};
		31CF13A526A8340A003966E9 /* Build configuration list for PBXNativeTarget "MessageApp" */ = {
			isa = XCConfigurationList;
			buildConfigurations = (
				31CF13A626A8340A003966E9 /* Debug */,
				31CF13A726A8340A003966E9 /* Release */,
			);
			defaultConfigurationIsVisible = 0;
			defaultConfigurationName = Release;
		};
/* End XCConfigurationList section */
	};
	rootObject = 31CF138926A83407003966E9 /* Project object */;
}
